
Microsoft Visual Studio Solution File, Format Version 12.00
# Visual Studio Version 17
VisualStudioVersion = 17.10.35027.167
MinimumVisualStudioVersion = 10.0.40219.1
Project("{FAE04EC0-301F-11D3-BF4B-00C04F79EFBC}") = "SequenciaFibonacci", "SequenciaFibonacci.csproj", "{3E6F02E6-848A-43E3-94B6-C5B218C40B9E}"
EndProject
Global
	GlobalSection(SolutionConfigurationPlatforms) = preSolution
		Debug|Any CPU = Debug|Any CPU
		Release|Any CPU = Release|Any CPU
	EndGlobalSection
	GlobalSection(ProjectConfigurationPlatforms) = postSolution
		{3E6F02E6-848A-43E3-94B6-C5B218C40B9E}.Debug|Any CPU.ActiveCfg = Debug|Any CPU
		{3E6F02E6-848A-43E3-94B6-C5B218C40B9E}.Debug|Any CPU.Build.0 = Debug|Any CPU
		{3E6F02E6-848A-43E3-94B6-C5B218C40B9E}.Release|Any CPU.ActiveCfg = Release|Any CPU
		{3E6F02E6-848A-43E3-94B6-C5B218C40B9E}.Release|Any CPU.Build.0 = Release|Any CPU
	EndGlobalSection
	GlobalSection(SolutionProperties) = preSolution
		HideSolutionNode = FALSE
	EndGlobalSection
	GlobalSection(ExtensibilityGlobals) = postSolution
		SolutionGuid = {B1FADF7B-4BFD-44D8-92FE-8672E006F4F2}
	EndGlobalSection
EndGlobal
