
Microsoft Visual Studio Solution File, Format Version 12.00
# Visual Studio Version 17
VisualStudioVersion = 17.10.35027.167
MinimumVisualStudioVersion = 10.0.40219.1
Project("{FAE04EC0-301F-11D3-BF4B-00C04F79EFBC}") = "Soma", "Soma.csproj", "{A497C509-01C5-4784-BEAE-0A509CDAA450}"
EndProject
Global
	GlobalSection(SolutionConfigurationPlatforms) = preSolution
		Debug|Any CPU = Debug|Any CPU
		Release|Any CPU = Release|Any CPU
	EndGlobalSection
	GlobalSection(ProjectConfigurationPlatforms) = postSolution
		{A497C509-01C5-4784-BEAE-0A509CDAA450}.Debug|Any CPU.ActiveCfg = Debug|Any CPU
		{A497C509-01C5-4784-BEAE-0A509CDAA450}.Debug|Any CPU.Build.0 = Debug|Any CPU
		{A497C509-01C5-4784-BEAE-0A509CDAA450}.Release|Any CPU.ActiveCfg = Release|Any CPU
		{A497C509-01C5-4784-BEAE-0A509CDAA450}.Release|Any CPU.Build.0 = Release|Any CPU
	EndGlobalSection
	GlobalSection(SolutionProperties) = preSolution
		HideSolutionNode = FALSE
	EndGlobalSection
	GlobalSection(ExtensibilityGlobals) = postSolution
		SolutionGuid = {61809C62-7343-4FDB-B26C-6A191B6D79B0}
	EndGlobalSection
EndGlobal
